{
  "version": 4,
  "terraform_version": "1.3.1",
  "serial": 6,
  "lineage": "a9841539-72b8-8ea5-4669-290a637abd89",
  "outputs": {},
  "resources": [
    {
      "mode": "managed",
      "type": "aws_cloudwatch_log_group",
      "name": "log_group",
      "provider": "provider[\"registry.terraform.io/hashicorp/aws\"]",
      "instances": [
        {
          "schema_version": 0,
          "attributes": {
            "arn": "arn:aws:logs:ap-northeast-2:210706881319:log-group:foo-log-group",
            "id": "foo-log-group",
            "kms_key_id": "",
            "name": "foo-log-group",
            "name_prefix": "",
            "retention_in_days": 0,
            "skip_destroy": false,
            "tags": {
              "Application": "serviceA",
              "Environment": "prod"
            },
            "tags_all": {
              "Application": "serviceA",
              "Environment": "prod"
            }
          },
          "sensitive_attributes": [],
          "private": "bnVsbA=="
        }
      ]
    }
  ],
  "check_results": []
}
